
Microsoft Visual Studio Solution File, Format Version 12.00
# Visual Studio 15
VisualStudioVersion = 15.0.27130.2027
MinimumVisualStudioVersion = 10.0.40219.1
Project("{FAE04EC0-301F-11D3-BF4B-00C04F79EFBC}") = "MovieApp", "MovieApp\MovieApp.csproj", "{AA429B50-5326-4482-A38A-821B53BEF47C}"
EndProject
Global
	GlobalSection(SolutionConfigurationPlatforms) = preSolution
		Debug|Any CPU = Debug|Any CPU
		Release|Any CPU = Release|Any CPU
	EndGlobalSection
	GlobalSection(ProjectConfigurationPlatforms) = postSolution
		{AA429B50-5326-4482-A38A-821B53BEF47C}.Debug|Any CPU.ActiveCfg = Debug|Any CPU
		{AA429B50-5326-4482-A38A-821B53BEF47C}.Debug|Any CPU.Build.0 = Debug|Any CPU
		{AA429B50-5326-4482-A38A-821B53BEF47C}.Release|Any CPU.ActiveCfg = Release|Any CPU
		{AA429B50-5326-4482-A38A-821B53BEF47C}.Release|Any CPU.Build.0 = Release|Any CPU
	EndGlobalSection
	GlobalSection(SolutionProperties) = preSolution
		HideSolutionNode = FALSE
	EndGlobalSection
	GlobalSection(ExtensibilityGlobals) = postSolution
		SolutionGuid = {4F861B93-A061-4E54-BD20-D5A539C3ACDC}
	EndGlobalSection
EndGlobal
